
Microsoft Visual Studio Solution File, Format Version 12.00
# Visual Studio Version 16
VisualStudioVersion = 16.0.29209.62
MinimumVisualStudioVersion = 10.0.40219.1
Project("{FAE04EC0-301F-11D3-BF4B-00C04F79EFBC}") = "SecretariaDoMeioAmbiente", "SecretariaDoMeioAmbiente\SecretariaDoMeioAmbiente.csproj", "{AC12C38D-F4BE-4192-AEC0-C148B14FF80C}"
EndProject
Global
	GlobalSection(SolutionConfigurationPlatforms) = preSolution
		Debug|Any CPU = Debug|Any CPU
		Release|Any CPU = Release|Any CPU
	EndGlobalSection
	GlobalSection(ProjectConfigurationPlatforms) = postSolution
		{AC12C38D-F4BE-4192-AEC0-C148B14FF80C}.Debug|Any CPU.ActiveCfg = Debug|Any CPU
		{AC12C38D-F4BE-4192-AEC0-C148B14FF80C}.Debug|Any CPU.Build.0 = Debug|Any CPU
		{AC12C38D-F4BE-4192-AEC0-C148B14FF80C}.Release|Any CPU.ActiveCfg = Release|Any CPU
		{AC12C38D-F4BE-4192-AEC0-C148B14FF80C}.Release|Any CPU.Build.0 = Release|Any CPU
	EndGlobalSection
	GlobalSection(SolutionProperties) = preSolution
		HideSolutionNode = FALSE
	EndGlobalSection
	GlobalSection(ExtensibilityGlobals) = postSolution
		SolutionGuid = {B9B8B477-A725-49CA-A1B4-F1B126806BC6}
	EndGlobalSection
EndGlobal
